
Microsoft Visual Studio Solution File, Format Version 12.00
# Visual Studio Version 16
VisualStudioVersion = 16.0.31019.35
MinimumVisualStudioVersion = 10.0.40219.1
Project("{8BC9CEB8-8B4A-11D0-8D11-00A0C91BC942}") = "151_Reverse_Words_in_String", "151_Reverse_Words_in_String\151_Reverse_Words_in_String.vcxproj", "{20040151-FB48-406E-A2BE-B3EF54A3E39D}"
EndProject
Project("{2150E333-8FDC-42A3-9474-1A3956D46DE8}") = "common", "common", "{0832D012-60B8-4959-8A04-E779ABE07D29}"
	ProjectSection(SolutionItems) = preProject
		common\common.cpp = common\common.cpp
		common\common.h = common\common.h
		common\quick_sort.cpp = common\quick_sort.cpp
		common\search.cpp = common\search.cpp
		common\search.h = common\search.h
		common\sort.h = common\sort.h
	EndProjectSection
EndProject
Project("{8BC9CEB8-8B4A-11D0-8D11-00A0C91BC942}") = "152_Maximum_Product_Subarray", "152_Maximum_Product_Subarray\152_Maximum_Product_Subarray.vcxproj", "{84B3FF30-60D1-4BA6-AEAF-5D38F0A4692A}"
EndProject
Project("{8BC9CEB8-8B4A-11D0-8D11-00A0C91BC942}") = "153_Min_in_Rotated_Sorted_Array", "153_Min_in_Rotated_Sorted_Array\153_Min_in_Rotated_Sorted_Array.vcxproj", "{0B0DB8F2-8E46-4772-99F5-9D6DCF52EBF0}"
EndProject
Project("{8BC9CEB8-8B4A-11D0-8D11-00A0C91BC942}") = "155_Min_Stack", "155_Min_Stack\155_Min_Stack.vcxproj", "{7F05A355-FB1B-43BB-9690-FEDF171F2E1F}"
EndProject
Project("{8BC9CEB8-8B4A-11D0-8D11-00A0C91BC942}") = "154_Min_in_Rotated_Sorted_Array_II", "154_Min_in_Rotated_Sorted_Array_II\154_Min_in_Rotated_Sorted_Array_II.vcxproj", "{62AE2739-02B4-4131-9ED8-B45948EB1A8A}"
EndProject
Project("{8BC9CEB8-8B4A-11D0-8D11-00A0C91BC942}") = "160_Joint_of_2_LinkedLists", "160_Joint_of_2_LinkedLists\160_Joint_of_2_LinkedLists.vcxproj", "{C0CC84A3-FA40-48B6-9FBA-408C7135375F}"
EndProject
Project("{8BC9CEB8-8B4A-11D0-8D11-00A0C91BC942}") = "162_Find_Peak_Element", "162_Find_Peak_Element\162_Find_Peak_Element.vcxproj", "{2E1476E4-40F3-44A3-A2BF-111F3AFC4BD9}"
EndProject
Global
	GlobalSection(SolutionConfigurationPlatforms) = preSolution
		Debug|x64 = Debug|x64
		Debug|x86 = Debug|x86
		Release|x64 = Release|x64
		Release|x86 = Release|x86
	EndGlobalSection
	GlobalSection(ProjectConfigurationPlatforms) = postSolution
		{20040151-FB48-406E-A2BE-B3EF54A3E39D}.Debug|x64.ActiveCfg = Debug|x64
		{20040151-FB48-406E-A2BE-B3EF54A3E39D}.Debug|x64.Build.0 = Debug|x64
		{20040151-FB48-406E-A2BE-B3EF54A3E39D}.Debug|x86.ActiveCfg = Debug|Win32
		{20040151-FB48-406E-A2BE-B3EF54A3E39D}.Debug|x86.Build.0 = Debug|Win32
		{20040151-FB48-406E-A2BE-B3EF54A3E39D}.Release|x64.ActiveCfg = Release|x64
		{20040151-FB48-406E-A2BE-B3EF54A3E39D}.Release|x64.Build.0 = Release|x64
		{20040151-FB48-406E-A2BE-B3EF54A3E39D}.Release|x86.ActiveCfg = Release|Win32
		{20040151-FB48-406E-A2BE-B3EF54A3E39D}.Release|x86.Build.0 = Release|Win32
		{84B3FF30-60D1-4BA6-AEAF-5D38F0A4692A}.Debug|x64.ActiveCfg = Debug|x64
		{84B3FF30-60D1-4BA6-AEAF-5D38F0A4692A}.Debug|x64.Build.0 = Debug|x64
		{84B3FF30-60D1-4BA6-AEAF-5D38F0A4692A}.Debug|x86.ActiveCfg = Debug|Win32
		{84B3FF30-60D1-4BA6-AEAF-5D38F0A4692A}.Debug|x86.Build.0 = Debug|Win32
		{84B3FF30-60D1-4BA6-AEAF-5D38F0A4692A}.Release|x64.ActiveCfg = Release|x64
		{84B3FF30-60D1-4BA6-AEAF-5D38F0A4692A}.Release|x64.Build.0 = Release|x64
		{84B3FF30-60D1-4BA6-AEAF-5D38F0A4692A}.Release|x86.ActiveCfg = Release|Win32
		{84B3FF30-60D1-4BA6-AEAF-5D38F0A4692A}.Release|x86.Build.0 = Release|Win32
		{0B0DB8F2-8E46-4772-99F5-9D6DCF52EBF0}.Debug|x64.ActiveCfg = Debug|x64
		{0B0DB8F2-8E46-4772-99F5-9D6DCF52EBF0}.Debug|x64.Build.0 = Debug|x64
		{0B0DB8F2-8E46-4772-99F5-9D6DCF52EBF0}.Debug|x86.ActiveCfg = Debug|Win32
		{0B0DB8F2-8E46-4772-99F5-9D6DCF52EBF0}.Debug|x86.Build.0 = Debug|Win32
		{0B0DB8F2-8E46-4772-99F5-9D6DCF52EBF0}.Release|x64.ActiveCfg = Release|x64
		{0B0DB8F2-8E46-4772-99F5-9D6DCF52EBF0}.Release|x64.Build.0 = Release|x64
		{0B0DB8F2-8E46-4772-99F5-9D6DCF52EBF0}.Release|x86.ActiveCfg = Release|Win32
		{0B0DB8F2-8E46-4772-99F5-9D6DCF52EBF0}.Release|x86.Build.0 = Release|Win32
		{7F05A355-FB1B-43BB-9690-FEDF171F2E1F}.Debug|x64.ActiveCfg = Debug|x64
		{7F05A355-FB1B-43BB-9690-FEDF171F2E1F}.Debug|x64.Build.0 = Debug|x64
		{7F05A355-FB1B-43BB-9690-FEDF171F2E1F}.Debug|x86.ActiveCfg = Debug|Win32
		{7F05A355-FB1B-43BB-9690-FEDF171F2E1F}.Debug|x86.Build.0 = Debug|Win32
		{7F05A355-FB1B-43BB-9690-FEDF171F2E1F}.Release|x64.ActiveCfg = Release|x64
		{7F05A355-FB1B-43BB-9690-FEDF171F2E1F}.Release|x64.Build.0 = Release|x64
		{7F05A355-FB1B-43BB-9690-FEDF171F2E1F}.Release|x86.ActiveCfg = Release|Win32
		{7F05A355-FB1B-43BB-9690-FEDF171F2E1F}.Release|x86.Build.0 = Release|Win32
		{62AE2739-02B4-4131-9ED8-B45948EB1A8A}.Debug|x64.ActiveCfg = Debug|x64
		{62AE2739-02B4-4131-9ED8-B45948EB1A8A}.Debug|x64.Build.0 = Debug|x64
		{62AE2739-02B4-4131-9ED8-B45948EB1A8A}.Debug|x86.ActiveCfg = Debug|Win32
		{62AE2739-02B4-4131-9ED8-B45948EB1A8A}.Debug|x86.Build.0 = Debug|Win32
		{62AE2739-02B4-4131-9ED8-B45948EB1A8A}.Release|x64.ActiveCfg = Release|x64
		{62AE2739-02B4-4131-9ED8-B45948EB1A8A}.Release|x64.Build.0 = Release|x64
		{62AE2739-02B4-4131-9ED8-B45948EB1A8A}.Release|x86.ActiveCfg = Release|Win32
		{62AE2739-02B4-4131-9ED8-B45948EB1A8A}.Release|x86.Build.0 = Release|Win32
		{C0CC84A3-FA40-48B6-9FBA-408C7135375F}.Debug|x64.ActiveCfg = Debug|x64
		{C0CC84A3-FA40-48B6-9FBA-408C7135375F}.Debug|x64.Build.0 = Debug|x64
		{C0CC84A3-FA40-48B6-9FBA-408C7135375F}.Debug|x86.ActiveCfg = Debug|Win32
		{C0CC84A3-FA40-48B6-9FBA-408C7135375F}.Debug|x86.Build.0 = Debug|Win32
		{C0CC84A3-FA40-48B6-9FBA-408C7135375F}.Release|x64.ActiveCfg = Release|x64
		{C0CC84A3-FA40-48B6-9FBA-408C7135375F}.Release|x64.Build.0 = Release|x64
		{C0CC84A3-FA40-48B6-9FBA-408C7135375F}.Release|x86.ActiveCfg = Release|Win32
		{C0CC84A3-FA40-48B6-9FBA-408C7135375F}.Release|x86.Build.0 = Release|Win32
		{2E1476E4-40F3-44A3-A2BF-111F3AFC4BD9}.Debug|x64.ActiveCfg = Debug|x64
		{2E1476E4-40F3-44A3-A2BF-111F3AFC4BD9}.Debug|x64.Build.0 = Debug|x64
		{2E1476E4-40F3-44A3-A2BF-111F3AFC4BD9}.Debug|x86.ActiveCfg = Debug|Win32
		{2E1476E4-40F3-44A3-A2BF-111F3AFC4BD9}.Debug|x86.Build.0 = Debug|Win32
		{2E1476E4-40F3-44A3-A2BF-111F3AFC4BD9}.Release|x64.ActiveCfg = Release|x64
		{2E1476E4-40F3-44A3-A2BF-111F3AFC4BD9}.Release|x64.Build.0 = Release|x64
		{2E1476E4-40F3-44A3-A2BF-111F3AFC4BD9}.Release|x86.ActiveCfg = Release|Win32
		{2E1476E4-40F3-44A3-A2BF-111F3AFC4BD9}.Release|x86.Build.0 = Release|Win32
	EndGlobalSection
	GlobalSection(SolutionProperties) = preSolution
		HideSolutionNode = FALSE
	EndGlobalSection
	GlobalSection(ExtensibilityGlobals) = postSolution
		SolutionGuid = {8E276787-A61C-4F27-8B7E-B9DCB58B57F5}
	EndGlobalSection
EndGlobal
