
Microsoft Visual Studio Solution File, Format Version 12.00
# Visual Studio Version 16
VisualStudioVersion = 16.0.31019.35
MinimumVisualStudioVersion = 10.0.40219.1
Project("{8BC9CEB8-8B4A-11D0-8D11-00A0C91BC942}") = "151_Reverse_Words_in_String", "151_Reverse_Words_in_String\151_Reverse_Words_in_String.vcxproj", "{20040151-FB48-406E-A2BE-B3EF54A3E39D}"
EndProject
Project("{2150E333-8FDC-42A3-9474-1A3956D46DE8}") = "common", "common", "{0832D012-60B8-4959-8A04-E779ABE07D29}"
	ProjectSection(SolutionItems) = preProject
		common\common.cpp = common\common.cpp
		common\common.h = common\common.h
		common\quick_sort.cpp = common\quick_sort.cpp
		common\search.cpp = common\search.cpp
		common\search.h = common\search.h
		common\sort.h = common\sort.h
	EndProjectSection
EndProject
Project("{8BC9CEB8-8B4A-11D0-8D11-00A0C91BC942}") = "152_Maximum_Product_Subarray", "152_Maximum_Product_Subarray\152_Maximum_Product_Subarray.vcxproj", "{84B3FF30-60D1-4BA6-AEAF-5D38F0A4692A}"
EndProject
Project("{8BC9CEB8-8B4A-11D0-8D11-00A0C91BC942}") = "153_Min_in_Rotated_Sorted_Array", "153_Min_in_Rotated_Sorted_Array\153_Min_in_Rotated_Sorted_Array.vcxproj", "{0B0DB8F2-8E46-4772-99F5-9D6DCF52EBF0}"
EndProject
Project("{8BC9CEB8-8B4A-11D0-8D11-00A0C91BC942}") = "155_Min_Stack", "155_Min_Stack\155_Min_Stack.vcxproj", "{7F05A355-FB1B-43BB-9690-FEDF171F2E1F}"
EndProject
Project("{8BC9CEB8-8B4A-11D0-8D11-00A0C91BC942}") = "154_Min_in_Rotated_Sorted_Array_II", "154_Min_in_Rotated_Sorted_Array_II\154_Min_in_Rotated_Sorted_Array_II.vcxproj", "{62AE2739-02B4-4131-9ED8-B45948EB1A8A}"
EndProject
Project("{8BC9CEB8-8B4A-11D0-8D11-00A0C91BC942}") = "160_Joint_of_2_LinkedLists", "160_Joint_of_2_LinkedLists\160_Joint_of_2_LinkedLists.vcxproj", "{C0CC84A3-FA40-48B6-9FBA-408C7135375F}"
EndProject
Project("{8BC9CEB8-8B4A-11D0-8D11-00A0C91BC942}") = "162_Find_Peak_Element", "162_Find_Peak_Element\162_Find_Peak_Element.vcxproj", "{2E1476E4-40F3-44A3-A2BF-111F3AFC4BD9}"
EndProject
Project("{8BC9CEB8-8B4A-11D0-8D11-00A0C91BC942}") = "165_Compare_Version_Numbers", "165_Compare_Version_Numbers\165_Compare_Version_Numbers.vcxproj", "{967A68EC-AF16-4D26-A30A-A8FFFD597F0D}"
EndProject
Project("{8BC9CEB8-8B4A-11D0-8D11-00A0C91BC942}") = "166_Fraction_of_Decimal", "166_Fraction_of_Decimal\166_Fraction_of_Decimal.vcxproj", "{9C8875CD-7B65-419C-A34F-2EE37FC9CD26}"
EndProject
Project("{8BC9CEB8-8B4A-11D0-8D11-00A0C91BC942}") = "167_Two_Sum_II_sorted_array", "167_Two_Sum_II_sorted_array\167_Two_Sum_II_sorted_array.vcxproj", "{91AF2079-40D4-4282-9E76-DA9849F42CD1}"
EndProject
Project("{8BC9CEB8-8B4A-11D0-8D11-00A0C91BC942}") = "168_Excel_Sheet_Column_Title", "168_Excel_Sheet_Column_Title\168_Excel_Sheet_Column_Title.vcxproj", "{F125D00B-80CB-44C4-82CE-F07A24A6C58D}"
EndProject
Project("{8BC9CEB8-8B4A-11D0-8D11-00A0C91BC942}") = "169_Majority_Element", "169_Majority_Element\169_Majority_Element.vcxproj", "{FDFE46B7-489A-4C9B-A87C-F3632EAB7BD8}"
EndProject
Project("{8BC9CEB8-8B4A-11D0-8D11-00A0C91BC942}") = "171_Excel_Sheet_Column_Number", "171_Excel_Sheet_Column_Number\171_Excel_Sheet_Column_Number.vcxproj", "{740F3758-E0CB-4C1B-9BBF-5380454715BC}"
EndProject
Project("{8BC9CEB8-8B4A-11D0-8D11-00A0C91BC942}") = "172_Factorial_Trailing_Zeroes", "172_Factorial_Trailing_Zeroes\172_Factorial_Trailing_Zeroes.vcxproj", "{9081265B-D4C6-4AEB-AA43-A796AF2EAF5D}"
EndProject
Project("{8BC9CEB8-8B4A-11D0-8D11-00A0C91BC942}") = "173_Binary_Search_Tree_Iterator", "173_Binary_Search_Tree_Iterator\173_Binary_Search_Tree_Iterator.vcxproj", "{D2E40023-9D4F-4B8F-AC3E-A208297B27A6}"
EndProject
Project("{8BC9CEB8-8B4A-11D0-8D11-00A0C91BC942}") = "179_Largest_Number", "179_Largest_Number\179_Largest_Number.vcxproj", "{786324AE-DE19-4248-880E-4E563337A00E}"
EndProject
Project("{8BC9CEB8-8B4A-11D0-8D11-00A0C91BC942}") = "187_Repeated_DNA_Sequences", "187_Repeated_DNA_Sequences\187_Repeated_DNA_Sequences.vcxproj", "{FC62C7CF-9446-4E62-BE18-D49F78DCCA9A}"
EndProject
Project("{8BC9CEB8-8B4A-11D0-8D11-00A0C91BC942}") = "189_Rotate_Array", "189_Rotate_Array\189_Rotate_Array.vcxproj", "{F9AACCB0-0735-4BF7-92E7-937FEA506BE9}"
EndProject
Project("{8BC9CEB8-8B4A-11D0-8D11-00A0C91BC942}") = "190_Reverse_Bits", "190_Reverse_Bits\190_Reverse_Bits.vcxproj", "{8E117637-8095-4E8F-A231-6D83F9631E50}"
EndProject
Project("{8BC9CEB8-8B4A-11D0-8D11-00A0C91BC942}") = "191_Number_of_1_Bits", "191_Number_of_1_Bits\191_Number_of_1_Bits.vcxproj", "{ED90B6FF-28C3-4F2D-BF02-851FF32143B3}"
EndProject
Project("{8BC9CEB8-8B4A-11D0-8D11-00A0C91BC942}") = "198_House_Robber", "198_House_Robber\198_House_Robber.vcxproj", "{2B0BDD24-F9CB-44BD-88B1-6B126BEE77E6}"
EndProject
Project("{8BC9CEB8-8B4A-11D0-8D11-00A0C91BC942}") = "199_Binary_Tree_Right_View", "199_Binary_Tree_Right_View\199_Binary_Tree_Right_View.vcxproj", "{1DDBC534-E82D-4910-8D8E-E0801C7B9963}"
EndProject
Project("{8BC9CEB8-8B4A-11D0-8D11-00A0C91BC942}") = "200_Number_of_Islands", "200_Number_of_Islands\200_Number_of_Islands.vcxproj", "{49AA814A-4F9F-4C99-8784-E54E7D7778DC}"
EndProject
Global
	GlobalSection(SolutionConfigurationPlatforms) = preSolution
		Debug|x64 = Debug|x64
		Debug|x86 = Debug|x86
		Release|x64 = Release|x64
		Release|x86 = Release|x86
	EndGlobalSection
	GlobalSection(ProjectConfigurationPlatforms) = postSolution
		{20040151-FB48-406E-A2BE-B3EF54A3E39D}.Debug|x64.ActiveCfg = Debug|x64
		{20040151-FB48-406E-A2BE-B3EF54A3E39D}.Debug|x64.Build.0 = Debug|x64
		{20040151-FB48-406E-A2BE-B3EF54A3E39D}.Debug|x86.ActiveCfg = Debug|Win32
		{20040151-FB48-406E-A2BE-B3EF54A3E39D}.Debug|x86.Build.0 = Debug|Win32
		{20040151-FB48-406E-A2BE-B3EF54A3E39D}.Release|x64.ActiveCfg = Release|x64
		{20040151-FB48-406E-A2BE-B3EF54A3E39D}.Release|x64.Build.0 = Release|x64
		{20040151-FB48-406E-A2BE-B3EF54A3E39D}.Release|x86.ActiveCfg = Release|Win32
		{20040151-FB48-406E-A2BE-B3EF54A3E39D}.Release|x86.Build.0 = Release|Win32
		{84B3FF30-60D1-4BA6-AEAF-5D38F0A4692A}.Debug|x64.ActiveCfg = Debug|x64
		{84B3FF30-60D1-4BA6-AEAF-5D38F0A4692A}.Debug|x64.Build.0 = Debug|x64
		{84B3FF30-60D1-4BA6-AEAF-5D38F0A4692A}.Debug|x86.ActiveCfg = Debug|Win32
		{84B3FF30-60D1-4BA6-AEAF-5D38F0A4692A}.Debug|x86.Build.0 = Debug|Win32
		{84B3FF30-60D1-4BA6-AEAF-5D38F0A4692A}.Release|x64.ActiveCfg = Release|x64
		{84B3FF30-60D1-4BA6-AEAF-5D38F0A4692A}.Release|x64.Build.0 = Release|x64
		{84B3FF30-60D1-4BA6-AEAF-5D38F0A4692A}.Release|x86.ActiveCfg = Release|Win32
		{84B3FF30-60D1-4BA6-AEAF-5D38F0A4692A}.Release|x86.Build.0 = Release|Win32
		{0B0DB8F2-8E46-4772-99F5-9D6DCF52EBF0}.Debug|x64.ActiveCfg = Debug|x64
		{0B0DB8F2-8E46-4772-99F5-9D6DCF52EBF0}.Debug|x64.Build.0 = Debug|x64
		{0B0DB8F2-8E46-4772-99F5-9D6DCF52EBF0}.Debug|x86.ActiveCfg = Debug|Win32
		{0B0DB8F2-8E46-4772-99F5-9D6DCF52EBF0}.Debug|x86.Build.0 = Debug|Win32
		{0B0DB8F2-8E46-4772-99F5-9D6DCF52EBF0}.Release|x64.ActiveCfg = Release|x64
		{0B0DB8F2-8E46-4772-99F5-9D6DCF52EBF0}.Release|x64.Build.0 = Release|x64
		{0B0DB8F2-8E46-4772-99F5-9D6DCF52EBF0}.Release|x86.ActiveCfg = Release|Win32
		{0B0DB8F2-8E46-4772-99F5-9D6DCF52EBF0}.Release|x86.Build.0 = Release|Win32
		{7F05A355-FB1B-43BB-9690-FEDF171F2E1F}.Debug|x64.ActiveCfg = Debug|x64
		{7F05A355-FB1B-43BB-9690-FEDF171F2E1F}.Debug|x64.Build.0 = Debug|x64
		{7F05A355-FB1B-43BB-9690-FEDF171F2E1F}.Debug|x86.ActiveCfg = Debug|Win32
		{7F05A355-FB1B-43BB-9690-FEDF171F2E1F}.Debug|x86.Build.0 = Debug|Win32
		{7F05A355-FB1B-43BB-9690-FEDF171F2E1F}.Release|x64.ActiveCfg = Release|x64
		{7F05A355-FB1B-43BB-9690-FEDF171F2E1F}.Release|x64.Build.0 = Release|x64
		{7F05A355-FB1B-43BB-9690-FEDF171F2E1F}.Release|x86.ActiveCfg = Release|Win32
		{7F05A355-FB1B-43BB-9690-FEDF171F2E1F}.Release|x86.Build.0 = Release|Win32
		{62AE2739-02B4-4131-9ED8-B45948EB1A8A}.Debug|x64.ActiveCfg = Debug|x64
		{62AE2739-02B4-4131-9ED8-B45948EB1A8A}.Debug|x64.Build.0 = Debug|x64
		{62AE2739-02B4-4131-9ED8-B45948EB1A8A}.Debug|x86.ActiveCfg = Debug|Win32
		{62AE2739-02B4-4131-9ED8-B45948EB1A8A}.Debug|x86.Build.0 = Debug|Win32
		{62AE2739-02B4-4131-9ED8-B45948EB1A8A}.Release|x64.ActiveCfg = Release|x64
		{62AE2739-02B4-4131-9ED8-B45948EB1A8A}.Release|x64.Build.0 = Release|x64
		{62AE2739-02B4-4131-9ED8-B45948EB1A8A}.Release|x86.ActiveCfg = Release|Win32
		{62AE2739-02B4-4131-9ED8-B45948EB1A8A}.Release|x86.Build.0 = Release|Win32
		{C0CC84A3-FA40-48B6-9FBA-408C7135375F}.Debug|x64.ActiveCfg = Debug|x64
		{C0CC84A3-FA40-48B6-9FBA-408C7135375F}.Debug|x64.Build.0 = Debug|x64
		{C0CC84A3-FA40-48B6-9FBA-408C7135375F}.Debug|x86.ActiveCfg = Debug|Win32
		{C0CC84A3-FA40-48B6-9FBA-408C7135375F}.Debug|x86.Build.0 = Debug|Win32
		{C0CC84A3-FA40-48B6-9FBA-408C7135375F}.Release|x64.ActiveCfg = Release|x64
		{C0CC84A3-FA40-48B6-9FBA-408C7135375F}.Release|x64.Build.0 = Release|x64
		{C0CC84A3-FA40-48B6-9FBA-408C7135375F}.Release|x86.ActiveCfg = Release|Win32
		{C0CC84A3-FA40-48B6-9FBA-408C7135375F}.Release|x86.Build.0 = Release|Win32
		{2E1476E4-40F3-44A3-A2BF-111F3AFC4BD9}.Debug|x64.ActiveCfg = Debug|x64
		{2E1476E4-40F3-44A3-A2BF-111F3AFC4BD9}.Debug|x64.Build.0 = Debug|x64
		{2E1476E4-40F3-44A3-A2BF-111F3AFC4BD9}.Debug|x86.ActiveCfg = Debug|Win32
		{2E1476E4-40F3-44A3-A2BF-111F3AFC4BD9}.Debug|x86.Build.0 = Debug|Win32
		{2E1476E4-40F3-44A3-A2BF-111F3AFC4BD9}.Release|x64.ActiveCfg = Release|x64
		{2E1476E4-40F3-44A3-A2BF-111F3AFC4BD9}.Release|x64.Build.0 = Release|x64
		{2E1476E4-40F3-44A3-A2BF-111F3AFC4BD9}.Release|x86.ActiveCfg = Release|Win32
		{2E1476E4-40F3-44A3-A2BF-111F3AFC4BD9}.Release|x86.Build.0 = Release|Win32
		{967A68EC-AF16-4D26-A30A-A8FFFD597F0D}.Debug|x64.ActiveCfg = Debug|x64
		{967A68EC-AF16-4D26-A30A-A8FFFD597F0D}.Debug|x64.Build.0 = Debug|x64
		{967A68EC-AF16-4D26-A30A-A8FFFD597F0D}.Debug|x86.ActiveCfg = Debug|Win32
		{967A68EC-AF16-4D26-A30A-A8FFFD597F0D}.Debug|x86.Build.0 = Debug|Win32
		{967A68EC-AF16-4D26-A30A-A8FFFD597F0D}.Release|x64.ActiveCfg = Release|x64
		{967A68EC-AF16-4D26-A30A-A8FFFD597F0D}.Release|x64.Build.0 = Release|x64
		{967A68EC-AF16-4D26-A30A-A8FFFD597F0D}.Release|x86.ActiveCfg = Release|Win32
		{967A68EC-AF16-4D26-A30A-A8FFFD597F0D}.Release|x86.Build.0 = Release|Win32
		{9C8875CD-7B65-419C-A34F-2EE37FC9CD26}.Debug|x64.ActiveCfg = Debug|x64
		{9C8875CD-7B65-419C-A34F-2EE37FC9CD26}.Debug|x64.Build.0 = Debug|x64
		{9C8875CD-7B65-419C-A34F-2EE37FC9CD26}.Debug|x86.ActiveCfg = Debug|Win32
		{9C8875CD-7B65-419C-A34F-2EE37FC9CD26}.Debug|x86.Build.0 = Debug|Win32
		{9C8875CD-7B65-419C-A34F-2EE37FC9CD26}.Release|x64.ActiveCfg = Release|x64
		{9C8875CD-7B65-419C-A34F-2EE37FC9CD26}.Release|x64.Build.0 = Release|x64
		{9C8875CD-7B65-419C-A34F-2EE37FC9CD26}.Release|x86.ActiveCfg = Release|Win32
		{9C8875CD-7B65-419C-A34F-2EE37FC9CD26}.Release|x86.Build.0 = Release|Win32
		{91AF2079-40D4-4282-9E76-DA9849F42CD1}.Debug|x64.ActiveCfg = Debug|x64
		{91AF2079-40D4-4282-9E76-DA9849F42CD1}.Debug|x64.Build.0 = Debug|x64
		{91AF2079-40D4-4282-9E76-DA9849F42CD1}.Debug|x86.ActiveCfg = Debug|Win32
		{91AF2079-40D4-4282-9E76-DA9849F42CD1}.Debug|x86.Build.0 = Debug|Win32
		{91AF2079-40D4-4282-9E76-DA9849F42CD1}.Release|x64.ActiveCfg = Release|x64
		{91AF2079-40D4-4282-9E76-DA9849F42CD1}.Release|x64.Build.0 = Release|x64
		{91AF2079-40D4-4282-9E76-DA9849F42CD1}.Release|x86.ActiveCfg = Release|Win32
		{91AF2079-40D4-4282-9E76-DA9849F42CD1}.Release|x86.Build.0 = Release|Win32
		{F125D00B-80CB-44C4-82CE-F07A24A6C58D}.Debug|x64.ActiveCfg = Debug|x64
		{F125D00B-80CB-44C4-82CE-F07A24A6C58D}.Debug|x64.Build.0 = Debug|x64
		{F125D00B-80CB-44C4-82CE-F07A24A6C58D}.Debug|x86.ActiveCfg = Debug|Win32
		{F125D00B-80CB-44C4-82CE-F07A24A6C58D}.Debug|x86.Build.0 = Debug|Win32
		{F125D00B-80CB-44C4-82CE-F07A24A6C58D}.Release|x64.ActiveCfg = Release|x64
		{F125D00B-80CB-44C4-82CE-F07A24A6C58D}.Release|x64.Build.0 = Release|x64
		{F125D00B-80CB-44C4-82CE-F07A24A6C58D}.Release|x86.ActiveCfg = Release|Win32
		{F125D00B-80CB-44C4-82CE-F07A24A6C58D}.Release|x86.Build.0 = Release|Win32
		{FDFE46B7-489A-4C9B-A87C-F3632EAB7BD8}.Debug|x64.ActiveCfg = Debug|x64
		{FDFE46B7-489A-4C9B-A87C-F3632EAB7BD8}.Debug|x64.Build.0 = Debug|x64
		{FDFE46B7-489A-4C9B-A87C-F3632EAB7BD8}.Debug|x86.ActiveCfg = Debug|Win32
		{FDFE46B7-489A-4C9B-A87C-F3632EAB7BD8}.Debug|x86.Build.0 = Debug|Win32
		{FDFE46B7-489A-4C9B-A87C-F3632EAB7BD8}.Release|x64.ActiveCfg = Release|x64
		{FDFE46B7-489A-4C9B-A87C-F3632EAB7BD8}.Release|x64.Build.0 = Release|x64
		{FDFE46B7-489A-4C9B-A87C-F3632EAB7BD8}.Release|x86.ActiveCfg = Release|Win32
		{FDFE46B7-489A-4C9B-A87C-F3632EAB7BD8}.Release|x86.Build.0 = Release|Win32
		{740F3758-E0CB-4C1B-9BBF-5380454715BC}.Debug|x64.ActiveCfg = Debug|x64
		{740F3758-E0CB-4C1B-9BBF-5380454715BC}.Debug|x64.Build.0 = Debug|x64
		{740F3758-E0CB-4C1B-9BBF-5380454715BC}.Debug|x86.ActiveCfg = Debug|Win32
		{740F3758-E0CB-4C1B-9BBF-5380454715BC}.Debug|x86.Build.0 = Debug|Win32
		{740F3758-E0CB-4C1B-9BBF-5380454715BC}.Release|x64.ActiveCfg = Release|x64
		{740F3758-E0CB-4C1B-9BBF-5380454715BC}.Release|x64.Build.0 = Release|x64
		{740F3758-E0CB-4C1B-9BBF-5380454715BC}.Release|x86.ActiveCfg = Release|Win32
		{740F3758-E0CB-4C1B-9BBF-5380454715BC}.Release|x86.Build.0 = Release|Win32
		{9081265B-D4C6-4AEB-AA43-A796AF2EAF5D}.Debug|x64.ActiveCfg = Debug|x64
		{9081265B-D4C6-4AEB-AA43-A796AF2EAF5D}.Debug|x64.Build.0 = Debug|x64
		{9081265B-D4C6-4AEB-AA43-A796AF2EAF5D}.Debug|x86.ActiveCfg = Debug|Win32
		{9081265B-D4C6-4AEB-AA43-A796AF2EAF5D}.Debug|x86.Build.0 = Debug|Win32
		{9081265B-D4C6-4AEB-AA43-A796AF2EAF5D}.Release|x64.ActiveCfg = Release|x64
		{9081265B-D4C6-4AEB-AA43-A796AF2EAF5D}.Release|x64.Build.0 = Release|x64
		{9081265B-D4C6-4AEB-AA43-A796AF2EAF5D}.Release|x86.ActiveCfg = Release|Win32
		{9081265B-D4C6-4AEB-AA43-A796AF2EAF5D}.Release|x86.Build.0 = Release|Win32
		{D2E40023-9D4F-4B8F-AC3E-A208297B27A6}.Debug|x64.ActiveCfg = Debug|x64
		{D2E40023-9D4F-4B8F-AC3E-A208297B27A6}.Debug|x64.Build.0 = Debug|x64
		{D2E40023-9D4F-4B8F-AC3E-A208297B27A6}.Debug|x86.ActiveCfg = Debug|Win32
		{D2E40023-9D4F-4B8F-AC3E-A208297B27A6}.Debug|x86.Build.0 = Debug|Win32
		{D2E40023-9D4F-4B8F-AC3E-A208297B27A6}.Release|x64.ActiveCfg = Release|x64
		{D2E40023-9D4F-4B8F-AC3E-A208297B27A6}.Release|x64.Build.0 = Release|x64
		{D2E40023-9D4F-4B8F-AC3E-A208297B27A6}.Release|x86.ActiveCfg = Release|Win32
		{D2E40023-9D4F-4B8F-AC3E-A208297B27A6}.Release|x86.Build.0 = Release|Win32
		{786324AE-DE19-4248-880E-4E563337A00E}.Debug|x64.ActiveCfg = Debug|x64
		{786324AE-DE19-4248-880E-4E563337A00E}.Debug|x64.Build.0 = Debug|x64
		{786324AE-DE19-4248-880E-4E563337A00E}.Debug|x86.ActiveCfg = Debug|Win32
		{786324AE-DE19-4248-880E-4E563337A00E}.Debug|x86.Build.0 = Debug|Win32
		{786324AE-DE19-4248-880E-4E563337A00E}.Release|x64.ActiveCfg = Release|x64
		{786324AE-DE19-4248-880E-4E563337A00E}.Release|x64.Build.0 = Release|x64
		{786324AE-DE19-4248-880E-4E563337A00E}.Release|x86.ActiveCfg = Release|Win32
		{786324AE-DE19-4248-880E-4E563337A00E}.Release|x86.Build.0 = Release|Win32
		{FC62C7CF-9446-4E62-BE18-D49F78DCCA9A}.Debug|x64.ActiveCfg = Debug|x64
		{FC62C7CF-9446-4E62-BE18-D49F78DCCA9A}.Debug|x64.Build.0 = Debug|x64
		{FC62C7CF-9446-4E62-BE18-D49F78DCCA9A}.Debug|x86.ActiveCfg = Debug|Win32
		{FC62C7CF-9446-4E62-BE18-D49F78DCCA9A}.Debug|x86.Build.0 = Debug|Win32
		{FC62C7CF-9446-4E62-BE18-D49F78DCCA9A}.Release|x64.ActiveCfg = Release|x64
		{FC62C7CF-9446-4E62-BE18-D49F78DCCA9A}.Release|x64.Build.0 = Release|x64
		{FC62C7CF-9446-4E62-BE18-D49F78DCCA9A}.Release|x86.ActiveCfg = Release|Win32
		{FC62C7CF-9446-4E62-BE18-D49F78DCCA9A}.Release|x86.Build.0 = Release|Win32
		{F9AACCB0-0735-4BF7-92E7-937FEA506BE9}.Debug|x64.ActiveCfg = Debug|x64
		{F9AACCB0-0735-4BF7-92E7-937FEA506BE9}.Debug|x64.Build.0 = Debug|x64
		{F9AACCB0-0735-4BF7-92E7-937FEA506BE9}.Debug|x86.ActiveCfg = Debug|Win32
		{F9AACCB0-0735-4BF7-92E7-937FEA506BE9}.Debug|x86.Build.0 = Debug|Win32
		{F9AACCB0-0735-4BF7-92E7-937FEA506BE9}.Release|x64.ActiveCfg = Release|x64
		{F9AACCB0-0735-4BF7-92E7-937FEA506BE9}.Release|x64.Build.0 = Release|x64
		{F9AACCB0-0735-4BF7-92E7-937FEA506BE9}.Release|x86.ActiveCfg = Release|Win32
		{F9AACCB0-0735-4BF7-92E7-937FEA506BE9}.Release|x86.Build.0 = Release|Win32
		{8E117637-8095-4E8F-A231-6D83F9631E50}.Debug|x64.ActiveCfg = Debug|x64
		{8E117637-8095-4E8F-A231-6D83F9631E50}.Debug|x64.Build.0 = Debug|x64
		{8E117637-8095-4E8F-A231-6D83F9631E50}.Debug|x86.ActiveCfg = Debug|Win32
		{8E117637-8095-4E8F-A231-6D83F9631E50}.Debug|x86.Build.0 = Debug|Win32
		{8E117637-8095-4E8F-A231-6D83F9631E50}.Release|x64.ActiveCfg = Release|x64
		{8E117637-8095-4E8F-A231-6D83F9631E50}.Release|x64.Build.0 = Release|x64
		{8E117637-8095-4E8F-A231-6D83F9631E50}.Release|x86.ActiveCfg = Release|Win32
		{8E117637-8095-4E8F-A231-6D83F9631E50}.Release|x86.Build.0 = Release|Win32
		{ED90B6FF-28C3-4F2D-BF02-851FF32143B3}.Debug|x64.ActiveCfg = Debug|x64
		{ED90B6FF-28C3-4F2D-BF02-851FF32143B3}.Debug|x64.Build.0 = Debug|x64
		{ED90B6FF-28C3-4F2D-BF02-851FF32143B3}.Debug|x86.ActiveCfg = Debug|Win32
		{ED90B6FF-28C3-4F2D-BF02-851FF32143B3}.Debug|x86.Build.0 = Debug|Win32
		{ED90B6FF-28C3-4F2D-BF02-851FF32143B3}.Release|x64.ActiveCfg = Release|x64
		{ED90B6FF-28C3-4F2D-BF02-851FF32143B3}.Release|x64.Build.0 = Release|x64
		{ED90B6FF-28C3-4F2D-BF02-851FF32143B3}.Release|x86.ActiveCfg = Release|Win32
		{ED90B6FF-28C3-4F2D-BF02-851FF32143B3}.Release|x86.Build.0 = Release|Win32
		{2B0BDD24-F9CB-44BD-88B1-6B126BEE77E6}.Debug|x64.ActiveCfg = Debug|x64
		{2B0BDD24-F9CB-44BD-88B1-6B126BEE77E6}.Debug|x64.Build.0 = Debug|x64
		{2B0BDD24-F9CB-44BD-88B1-6B126BEE77E6}.Debug|x86.ActiveCfg = Debug|Win32
		{2B0BDD24-F9CB-44BD-88B1-6B126BEE77E6}.Debug|x86.Build.0 = Debug|Win32
		{2B0BDD24-F9CB-44BD-88B1-6B126BEE77E6}.Release|x64.ActiveCfg = Release|x64
		{2B0BDD24-F9CB-44BD-88B1-6B126BEE77E6}.Release|x64.Build.0 = Release|x64
		{2B0BDD24-F9CB-44BD-88B1-6B126BEE77E6}.Release|x86.ActiveCfg = Release|Win32
		{2B0BDD24-F9CB-44BD-88B1-6B126BEE77E6}.Release|x86.Build.0 = Release|Win32
		{1DDBC534-E82D-4910-8D8E-E0801C7B9963}.Debug|x64.ActiveCfg = Debug|x64
		{1DDBC534-E82D-4910-8D8E-E0801C7B9963}.Debug|x64.Build.0 = Debug|x64
		{1DDBC534-E82D-4910-8D8E-E0801C7B9963}.Debug|x86.ActiveCfg = Debug|Win32
		{1DDBC534-E82D-4910-8D8E-E0801C7B9963}.Debug|x86.Build.0 = Debug|Win32
		{1DDBC534-E82D-4910-8D8E-E0801C7B9963}.Release|x64.ActiveCfg = Release|x64
		{1DDBC534-E82D-4910-8D8E-E0801C7B9963}.Release|x64.Build.0 = Release|x64
		{1DDBC534-E82D-4910-8D8E-E0801C7B9963}.Release|x86.ActiveCfg = Release|Win32
		{1DDBC534-E82D-4910-8D8E-E0801C7B9963}.Release|x86.Build.0 = Release|Win32
		{49AA814A-4F9F-4C99-8784-E54E7D7778DC}.Debug|x64.ActiveCfg = Debug|x64
		{49AA814A-4F9F-4C99-8784-E54E7D7778DC}.Debug|x64.Build.0 = Debug|x64
		{49AA814A-4F9F-4C99-8784-E54E7D7778DC}.Debug|x86.ActiveCfg = Debug|Win32
		{49AA814A-4F9F-4C99-8784-E54E7D7778DC}.Debug|x86.Build.0 = Debug|Win32
		{49AA814A-4F9F-4C99-8784-E54E7D7778DC}.Release|x64.ActiveCfg = Release|x64
		{49AA814A-4F9F-4C99-8784-E54E7D7778DC}.Release|x64.Build.0 = Release|x64
		{49AA814A-4F9F-4C99-8784-E54E7D7778DC}.Release|x86.ActiveCfg = Release|Win32
		{49AA814A-4F9F-4C99-8784-E54E7D7778DC}.Release|x86.Build.0 = Release|Win32
	EndGlobalSection
	GlobalSection(SolutionProperties) = preSolution
		HideSolutionNode = FALSE
	EndGlobalSection
	GlobalSection(ExtensibilityGlobals) = postSolution
		SolutionGuid = {8E276787-A61C-4F27-8B7E-B9DCB58B57F5}
	EndGlobalSection
EndGlobal
